<Solution>
  <Project Path="Contacts App (Course 18 ADO .NET).csproj" Id="672d65b3-3902-4f42-a27d-b1a13dc5c2bf" />
  <Project Path="G:/Programming/Fundementals Of Programming/Mohamed Abu-hadhoud/All Courses/Fundamental Courses/(18) ADO .NET (6h)/Doctor Code/ContactBusinessLayer/ContactsBusinessLayer.csproj" Id="e533f207-e07a-4d21-90bd-95a635e42ccc" />
  <Project Path="G:/Programming/Fundementals Of Programming/Mohamed Abu-hadhoud/All Courses/Fundamental Courses/(18) ADO .NET (6h)/Doctor Code/ContactsDataAccessLayer/ContactsDataAccessLayer.csproj" Id="dccc4184-857c-4f65-88b3-8e1ccea8b9e7" />
</Solution>
